
Microsoft Visual Studio Solution File, Format Version 12.00
# Visual Studio Version 16
VisualStudioVersion = 16.0.29709.97
MinimumVisualStudioVersion = 10.0.40219.1
Project("{FAE04EC0-301F-11D3-BF4B-00C04F79EFBC}") = "Exo_Intefaces", "Exo_Intefaces\Exo_Intefaces.csproj", "{E664D0FE-9372-4E56-B2C1-8ADC56D09FDC}"
EndProject
Global
	GlobalSection(SolutionConfigurationPlatforms) = preSolution
		Debug|Any CPU = Debug|Any CPU
		Release|Any CPU = Release|Any CPU
	EndGlobalSection
	GlobalSection(ProjectConfigurationPlatforms) = postSolution
		{E664D0FE-9372-4E56-B2C1-8ADC56D09FDC}.Debug|Any CPU.ActiveCfg = Debug|Any CPU
		{E664D0FE-9372-4E56-B2C1-8ADC56D09FDC}.Debug|Any CPU.Build.0 = Debug|Any CPU
		{E664D0FE-9372-4E56-B2C1-8ADC56D09FDC}.Release|Any CPU.ActiveCfg = Release|Any CPU
		{E664D0FE-9372-4E56-B2C1-8ADC56D09FDC}.Release|Any CPU.Build.0 = Release|Any CPU
	EndGlobalSection
	GlobalSection(SolutionProperties) = preSolution
		HideSolutionNode = FALSE
	EndGlobalSection
	GlobalSection(ExtensibilityGlobals) = postSolution
		SolutionGuid = {386A514C-FCC0-478E-B27E-07BEECC80474}
	EndGlobalSection
EndGlobal
